// !$*UTF8*$!
{
	archiveVersion = 1;
	classes = {
	};
	objectVersion = 46;
	objects = {

/* Begin PBXBuildFile section */
		4CF0B16519621FFA006D382B /* AppDelegate.swift in Sources */ = {isa = PBXBuildFile; fileRef = 4CF0B16419621FFA006D382B /* AppDelegate.swift */; };
		4CF0B16719621FFA006D382B /* Images.xcassets in Resources */ = {isa = PBXBuildFile; fileRef = 4CF0B16619621FFA006D382B /* Images.xcassets */; };
		4CF0B17319621FFA006D382B /* SplitConTests.swift in Sources */ = {isa = PBXBuildFile; fileRef = 4CF0B17219621FFA006D382B /* SplitConTests.swift */; };
		4CF0B17D1962200C006D382B /* Storyboard.storyboard in Resources */ = {isa = PBXBuildFile; fileRef = 4CF0B17C1962200C006D382B /* Storyboard.storyboard */; };
/* End PBXBuildFile section */

/* Begin PBXContainerItemProxy section */
		4CF0B16D19621FFA006D382B /* PBXContainerItemProxy */ = {
			isa = PBXContainerItemProxy;
			containerPortal = 4CF0B15719621FFA006D382B /* Project object */;
			proxyType = 1;
			remoteGlobalIDString = 4CF0B15E19621FFA006D382B;
			remoteInfo = SplitCon;
		};
/* End PBXContainerItemProxy section */

/* Begin PBXFileReference section */
		4CF0B15F19621FFA006D382B /* SplitCon.app */ = {isa = PBXFileReference; explicitFileType = wrapper.application; includeInIndex = 0; path = SplitCon.app; sourceTree = BUILT_PRODUCTS_DIR; };
		4CF0B16319621FFA006D382B /* Info.plist */ = {isa = PBXFileReference; lastKnownFileType = text.plist.xml; path = Info.plist; sourceTree = "<group>"; };
		4CF0B16419621FFA006D382B /* AppDelegate.swift */ = {isa = PBXFileReference; lastKnownFileType = sourcecode.swift; path = AppDelegate.swift; sourceTree = "<group>"; };
		4CF0B16619621FFA006D382B /* Images.xcassets */ = {isa = PBXFileReference; lastKnownFileType = folder.assetcatalog; path = Images.xcassets; sourceTree = "<group>"; };
		4CF0B16C19621FFA006D382B /* SplitConTests.xctest */ = {isa = PBXFileReference; explicitFileType = wrapper.cfbundle; includeInIndex = 0; path = SplitConTests.xctest; sourceTree = BUILT_PRODUCTS_DIR; };
		4CF0B17119621FFA006D382B /* Info.plist */ = {isa = PBXFileReference; lastKnownFileType = text.plist.xml; path = Info.plist; sourceTree = "<group>"; };
		4CF0B17219621FFA006D382B /* SplitConTests.swift */ = {isa = PBXFileReference; lastKnownFileType = sourcecode.swift; path = SplitConTests.swift; sourceTree = "<group>"; };
		4CF0B17C1962200C006D382B /* Storyboard.storyboard */ = {isa = PBXFileReference; fileEncoding = 4; lastKnownFileType = file.storyboard; path = Storyboard.storyboard; sourceTree = "<group>"; };
/* End PBXFileReference section */

/* Begin PBXFrameworksBuildPhase section */
		4CF0B15C19621FFA006D382B /* Frameworks */ = {
			isa = PBXFrameworksBuildPhase;
			buildActionMask = 2147483647;
			files = (
			);
			runOnlyForDeploymentPostprocessing = 0;
		};
		4CF0B16919621FFA006D382B /* Frameworks */ = {
			isa = PBXFrameworksBuildPhase;
			buildActionMask = 2147483647;
			files = (
			);
			runOnlyForDeploymentPostprocessing = 0;
		};
/* End PBXFrameworksBuildPhase section */

/* Begin PBXGroup section */
		4CF0B15619621FFA006D382B = {
			isa = PBXGroup;
			children = (
				4CF0B17C1962200C006D382B /* Storyboard.storyboard */,
				4CF0B16119621FFA006D382B /* SplitCon */,
				4CF0B16F19621FFA006D382B /* SplitConTests */,
				4CF0B16019621FFA006D382B /* Products */,
			);
			sourceTree = "<group>";
		};
		4CF0B16019621FFA006D382B /* Products */ = {
			isa = PBXGroup;
			children = (
				4CF0B15F19621FFA006D382B /* SplitCon.app */,
				4CF0B16C19621FFA006D382B /* SplitConTests.xctest */,
			);
			name = Products;
			sourceTree = "<group>";
		};
		4CF0B16119621FFA006D382B /* SplitCon */ = {
			isa = PBXGroup;
			children = (
				4CF0B16419621FFA006D382B /* AppDelegate.swift */,
				4CF0B16619621FFA006D382B /* Images.xcassets */,
				4CF0B16219621FFA006D382B /* Supporting Files */,
			);
			path = SplitCon;
			sourceTree = "<group>";
		};
		4CF0B16219621FFA006D382B /* Supporting Files */ = {
			isa = PBXGroup;
			children = (
				4CF0B16319621FFA006D382B /* Info.plist */,
			);
			name = "Supporting Files";
			sourceTree = "<group>";
		};
		4CF0B16F19621FFA006D382B /* SplitConTests */ = {
			isa = PBXGroup;
			children = (
				4CF0B17219621FFA006D382B /* SplitConTests.swift */,
				4CF0B17019621FFA006D382B /* Supporting Files */,
			);
			path = SplitConTests;
			sourceTree = "<group>";
		};
		4CF0B17019621FFA006D382B /* Supporting Files */ = {
			isa = PBXGroup;
			children = (
				4CF0B17119621FFA006D382B /* Info.plist */,
			);
			name = "Supporting Files";
			sourceTree = "<group>";
		};
/* End PBXGroup section */

/* Begin PBXNativeTarget section */
		4CF0B15E19621FFA006D382B /* SplitCon */ = {
			isa = PBXNativeTarget;
			buildConfigurationList = 4CF0B17619621FFA006D382B /* Build configuration list for PBXNativeTarget "SplitCon" */;
			buildPhases = (
				4CF0B15B19621FFA006D382B /* Sources */,
				4CF0B15C19621FFA006D382B /* Frameworks */,
				4CF0B15D19621FFA006D382B /* Resources */,
			);
			buildRules = (
			);
			dependencies = (
			);
			name = SplitCon;
			productName = SplitCon;
			productReference = 4CF0B15F19621FFA006D382B /* SplitCon.app */;
			productType = "com.apple.product-type.application";
		};
		4CF0B16B19621FFA006D382B /* SplitConTests */ = {
			isa = PBXNativeTarget;
			buildConfigurationList = 4CF0B17919621FFA006D382B /* Build configuration list for PBXNativeTarget "SplitConTests" */;
			buildPhases = (
				4CF0B16819621FFA006D382B /* Sources */,
				4CF0B16919621FFA006D382B /* Frameworks */,
				4CF0B16A19621FFA006D382B /* Resources */,
			);
			buildRules = (
			);
			dependencies = (
				4CF0B16E19621FFA006D382B /* PBXTargetDependency */,
			);
			name = SplitConTests;
			productName = SplitConTests;
			productReference = 4CF0B16C19621FFA006D382B /* SplitConTests.xctest */;
			productType = "com.apple.product-type.bundle.unit-test";
		};
/* End PBXNativeTarget section */

/* Begin PBXProject section */
		4CF0B15719621FFA006D382B /* Project object */ = {
			isa = PBXProject;
			attributes = {
				LastUpgradeCheck = 0600;
				ORGANIZATIONNAME = "Aerohive Networks";
				TargetAttributes = {
					4CF0B15E19621FFA006D382B = {
						CreatedOnToolsVersion = 6.0;
					};
					4CF0B16B19621FFA006D382B = {
						CreatedOnToolsVersion = 6.0;
						TestTargetID = 4CF0B15E19621FFA006D382B;
					};
				};
			};
			buildConfigurationList = 4CF0B15A19621FFA006D382B /* Build configuration list for PBXProject "SplitCon" */;
			compatibilityVersion = "Xcode 3.2";
			developmentRegion = English;
			hasScannedForEncodings = 0;
			knownRegions = (
				en,
			);
			mainGroup = 4CF0B15619621FFA006D382B;
			productRefGroup = 4CF0B16019621FFA006D382B /* Products */;
			projectDirPath = "";
			projectRoot = "";
			targets = (
				4CF0B15E19621FFA006D382B /* SplitCon */,
				4CF0B16B19621FFA006D382B /* SplitConTests */,
			);
		};
/* End PBXProject section */

/* Begin PBXResourcesBuildPhase section */
		4CF0B15D19621FFA006D382B /* Resources */ = {
			isa = PBXResourcesBuildPhase;
			buildActionMask = 2147483647;
			files = (
				4CF0B16719621FFA006D382B /* Images.xcassets in Resources */,
				4CF0B17D1962200C006D382B /* Storyboard.storyboard in Resources */,
			);
			runOnlyForDeploymentPostprocessing = 0;
		};
		4CF0B16A19621FFA006D382B /* Resources */ = {
			isa = PBXResourcesBuildPhase;
			buildActionMask = 2147483647;
			files = (
			);
			runOnlyForDeploymentPostprocessing = 0;
		};
/* End PBXResourcesBuildPhase section */

/* Begin PBXSourcesBuildPhase section */
		4CF0B15B19621FFA006D382B /* Sources */ = {
			isa = PBXSourcesBuildPhase;
			buildActionMask = 2147483647;
			files = (
				4CF0B16519621FFA006D382B /* AppDelegate.swift in Sources */,
			);
			runOnlyForDeploymentPostprocessing = 0;
		};
		4CF0B16819621FFA006D382B /* Sources */ = {
			isa = PBXSourcesBuildPhase;
			buildActionMask = 2147483647;
			files = (
				4CF0B17319621FFA006D382B /* SplitConTests.swift in Sources */,
			);
			runOnlyForDeploymentPostprocessing = 0;
		};
/* End PBXSourcesBuildPhase section */

/* Begin PBXTargetDependency section */
		4CF0B16E19621FFA006D382B /* PBXTargetDependency */ = {
			isa = PBXTargetDependency;
			target = 4CF0B15E19621FFA006D382B /* SplitCon */;
			targetProxy = 4CF0B16D19621FFA006D382B /* PBXContainerItemProxy */;
		};
/* End PBXTargetDependency section */

/* Begin XCBuildConfiguration section */
		4CF0B17419621FFA006D382B /* Debug */ = {
			isa = XCBuildConfiguration;
			buildSettings = {
				ALWAYS_SEARCH_USER_PATHS = NO;
				CLANG_CXX_LANGUAGE_STANDARD = "gnu++0x";
				CLANG_CXX_LIBRARY = "libc++";
				CLANG_ENABLE_MODULES = YES;
				CLANG_ENABLE_OBJC_ARC = YES;
				CLANG_WARN_BOOL_CONVERSION = YES;
				CLANG_WARN_CONSTANT_CONVERSION = YES;
				CLANG_WARN_DIRECT_OBJC_ISA_USAGE = YES_ERROR;
				CLANG_WARN_EMPTY_BODY = YES;
				CLANG_WARN_ENUM_CONVERSION = YES;
				CLANG_WARN_INT_CONVERSION = YES;
				CLANG_WARN_OBJC_ROOT_CLASS = YES_ERROR;
				CLANG_WARN_UNREACHABLE_CODE = YES;
				CLANG_WARN__DUPLICATE_METHOD_MATCH = YES;
				"CODE_SIGN_IDENTITY[sdk=iphoneos*]" = "iPhone Developer";
				COPY_PHASE_STRIP = NO;
				ENABLE_STRICT_OBJC_MSGSEND = YES;
				GCC_C_LANGUAGE_STANDARD = gnu99;
				GCC_DYNAMIC_NO_PIC = NO;
				GCC_OPTIMIZATION_LEVEL = 0;
				GCC_PREPROCESSOR_DEFINITIONS = (
					"DEBUG=1",
					"$(inherited)",
				);
				GCC_SYMBOLS_PRIVATE_EXTERN = NO;
				GCC_WARN_64_TO_32_BIT_CONVERSION = YES;
				GCC_WARN_ABOUT_RETURN_TYPE = YES_ERROR;
				GCC_WARN_UNDECLARED_SELECTOR = YES;
				GCC_WARN_UNINITIALIZED_AUTOS = YES_AGGRESSIVE;
				GCC_WARN_UNUSED_FUNCTION = YES;
				GCC_WARN_UNUSED_VARIABLE = YES;
				IPHONEOS_DEPLOYMENT_TARGET = 8.0;
				METAL_ENABLE_DEBUG_INFO = YES;
				ONLY_ACTIVE_ARCH = YES;
				SDKROOT = iphoneos;
				SWIFT_OPTIMIZATION_LEVEL = "-Onone";
			};
			name = Debug;
		};
		4CF0B17519621FFA006D382B /* Release */ = {
			isa = XCBuildConfiguration;
			buildSettings = {
				ALWAYS_SEARCH_USER_PATHS = NO;
				CLANG_CXX_LANGUAGE_STANDARD = "gnu++0x";
				CLANG_CXX_LIBRARY = "libc++";
				CLANG_ENABLE_MODULES = YES;
				CLANG_ENABLE_OBJC_ARC = YES;
				CLANG_WARN_BOOL_CONVERSION = YES;
				CLANG_WARN_CONSTANT_CONVERSION = YES;
				CLANG_WARN_DIRECT_OBJC_ISA_USAGE = YES_ERROR;
				CLANG_WARN_EMPTY_BODY = YES;
				CLANG_WARN_ENUM_CONVERSION = YES;
				CLANG_WARN_INT_CONVERSION = YES;
				CLANG_WARN_OBJC_ROOT_CLASS = YES_ERROR;
				CLANG_WARN_UNREACHABLE_CODE = YES;
				CLANG_WARN__DUPLICATE_METHOD_MATCH = YES;
				"CODE_SIGN_IDENTITY[sdk=iphoneos*]" = "iPhone Developer";
				COPY_PHASE_STRIP = YES;
				ENABLE_NS_ASSERTIONS = NO;
				ENABLE_STRICT_OBJC_MSGSEND = YES;
				GCC_C_LANGUAGE_STANDARD = gnu99;
				GCC_WARN_64_TO_32_BIT_CONVERSION = YES;
				GCC_WARN_ABOUT_RETURN_TYPE = YES_ERROR;
				GCC_WARN_UNDECLARED_SELECTOR = YES;
				GCC_WARN_UNINITIALIZED_AUTOS = YES_AGGRESSIVE;
				GCC_WARN_UNUSED_FUNCTION = YES;
				GCC_WARN_UNUSED_VARIABLE = YES;
				IPHONEOS_DEPLOYMENT_TARGET = 8.0;
				METAL_ENABLE_DEBUG_INFO = NO;
				SDKROOT = iphoneos;
				VALIDATE_PRODUCT = YES;
			};
			name = Release;
		};
		4CF0B17719621FFA006D382B /* Debug */ = {
			isa = XCBuildConfiguration;
			buildSettings = {
				ASSETCATALOG_COMPILER_APPICON_NAME = AppIcon;
				ASSETCATALOG_COMPILER_LAUNCHIMAGE_NAME = LaunchImage;
				INFOPLIST_FILE = SplitCon/Info.plist;
				LD_RUNPATH_SEARCH_PATHS = "$(inherited) @executable_path/Frameworks";
				PRODUCT_NAME = "$(TARGET_NAME)";
			};
			name = Debug;
		};
		4CF0B17819621FFA006D382B /* Release */ = {
			isa = XCBuildConfiguration;
			buildSettings = {
				ASSETCATALOG_COMPILER_APPICON_NAME = AppIcon;
				ASSETCATALOG_COMPILER_LAUNCHIMAGE_NAME = LaunchImage;
				INFOPLIST_FILE = SplitCon/Info.plist;
				LD_RUNPATH_SEARCH_PATHS = "$(inherited) @executable_path/Frameworks";
				PRODUCT_NAME = "$(TARGET_NAME)";
			};
			name = Release;
		};
		4CF0B17A19621FFA006D382B /* Debug */ = {
			isa = XCBuildConfiguration;
			buildSettings = {
				BUNDLE_LOADER = "$(BUILT_PRODUCTS_DIR)/SplitCon.app/SplitCon";
				FRAMEWORK_SEARCH_PATHS = (
					"$(SDKROOT)/Developer/Library/Frameworks",
					"$(inherited)",
				);
				GCC_PREPROCESSOR_DEFINITIONS = (
					"DEBUG=1",
					"$(inherited)",
				);
				INFOPLIST_FILE = SplitConTests/Info.plist;
				LD_RUNPATH_SEARCH_PATHS = "$(inherited) @executable_path/Frameworks @loader_path/Frameworks";
				METAL_ENABLE_DEBUG_INFO = YES;
				PRODUCT_NAME = "$(TARGET_NAME)";
				TEST_HOST = "$(BUNDLE_LOADER)";
			};
			name = Debug;
		};
		4CF0B17B19621FFA006D382B /* Release */ = {
			isa = XCBuildConfiguration;
			buildSettings = {
				BUNDLE_LOADER = "$(BUILT_PRODUCTS_DIR)/SplitCon.app/SplitCon";
				FRAMEWORK_SEARCH_PATHS = (
					"$(SDKROOT)/Developer/Library/Frameworks",
					"$(inherited)",
				);
				INFOPLIST_FILE = SplitConTests/Info.plist;
				LD_RUNPATH_SEARCH_PATHS = "$(inherited) @executable_path/Frameworks @loader_path/Frameworks";
				METAL_ENABLE_DEBUG_INFO = NO;
				PRODUCT_NAME = "$(TARGET_NAME)";
				TEST_HOST = "$(BUNDLE_LOADER)";
			};
			name = Release;
		};
/* End XCBuildConfiguration section */

/* Begin XCConfigurationList section */
		4CF0B15A19621FFA006D382B /* Build configuration list for PBXProject "SplitCon" */ = {
			isa = XCConfigurationList;
			buildConfigurations = (
				4CF0B17419621FFA006D382B /* Debug */,
				4CF0B17519621FFA006D382B /* Release */,
			);
			defaultConfigurationIsVisible = 0;
			defaultConfigurationName = Release;
		};
		4CF0B17619621FFA006D382B /* Build configuration list for PBXNativeTarget "SplitCon" */ = {
			isa = XCConfigurationList;
			buildConfigurations = (
				4CF0B17719621FFA006D382B /* Debug */,
				4CF0B17819621FFA006D382B /* Release */,
			);
			defaultConfigurationIsVisible = 0;
		};
		4CF0B17919621FFA006D382B /* Build configuration list for PBXNativeTarget "SplitConTests" */ = {
			isa = XCConfigurationList;
			buildConfigurations = (
				4CF0B17A19621FFA006D382B /* Debug */,
				4CF0B17B19621FFA006D382B /* Release */,
			);
			defaultConfigurationIsVisible = 0;
		};
/* End XCConfigurationList section */
	};
	rootObject = 4CF0B15719621FFA006D382B /* Project object */;
}
